
Microsoft Visual Studio Solution File, Format Version 12.00
# Visual Studio Version 17
VisualStudioVersion = 17.1.32210.238
MinimumVisualStudioVersion = 10.0.40219.1
Project("{FAE04EC0-301F-11D3-BF4B-00C04F79EFBC}") = "ApiMiniProject", "ApiMiniProject\ApiMiniProject.csproj", "{99697C56-75E2-4526-B5A8-5736F5F18F88}"
EndProject
Global
	GlobalSection(SolutionConfigurationPlatforms) = preSolution
		Debug|Any CPU = Debug|Any CPU
		Release|Any CPU = Release|Any CPU
	EndGlobalSection
	GlobalSection(ProjectConfigurationPlatforms) = postSolution
		{99697C56-75E2-4526-B5A8-5736F5F18F88}.Debug|Any CPU.ActiveCfg = Debug|Any CPU
		{99697C56-75E2-4526-B5A8-5736F5F18F88}.Debug|Any CPU.Build.0 = Debug|Any CPU
		{99697C56-75E2-4526-B5A8-5736F5F18F88}.Release|Any CPU.ActiveCfg = Release|Any CPU
		{99697C56-75E2-4526-B5A8-5736F5F18F88}.Release|Any CPU.Build.0 = Release|Any CPU
	EndGlobalSection
	GlobalSection(SolutionProperties) = preSolution
		HideSolutionNode = FALSE
	EndGlobalSection
	GlobalSection(ExtensibilityGlobals) = postSolution
		SolutionGuid = {D64FC0A4-1F98-4C20-B7C4-06603B623FC1}
	EndGlobalSection
EndGlobal
